# This file is automatically @generated by Cargo.
# It is not intended for manual editing.
version = 3

[[package]]
name = "emath"
version = "0.31.0"
source = "registry+https://github.com/rust-lang/crates.io-index"
checksum = "55b7b6be5ad1d247f11738b0e4699d9c20005ed366f2c29f5ec1f8e1de180bc2"

[[package]]
name = "robcore"
version = "0.1.0"
dependencies = [
 "emath",
]
